
Microsoft Visual Studio Solution File, Format Version 12.00
# Visual Studio Version 17
VisualStudioVersion = 17.0.31903.59
MinimumVisualStudioVersion = 10.0.40219.1
Project("{9A19103F-16F7-4668-BE54-9A1E7A4F7556}") = "CarvedRock.Api", "CarvedRock.Api\CarvedRock.Api.csproj", "{993233F6-F7B0-46E6-A0E1-65A1D9E77313}"
EndProject
Project("{9A19103F-16F7-4668-BE54-9A1E7A4F7556}") = "CarvedRock.Domain", "CarvedRock.Domain\CarvedRock.Domain.csproj", "{5245B8B2-5F50-4008-B094-525ECBA1504D}"
EndProject
Project("{9A19103F-16F7-4668-BE54-9A1E7A4F7556}") = "CarvedRock.Data", "CarvedRock.Data\CarvedRock.Data.csproj", "{C4342716-AFFF-46FC-9F46-14D5BE08EC80}"
EndProject
Project("{9A19103F-16F7-4668-BE54-9A1E7A4F7556}") = "CarvedRock.WebApp", "CarvedRock.WebApp\CarvedRock.WebApp.csproj", "{3E458087-1544-4D78-A1C2-90AF03EC93F5}"
EndProject
Project("{2150E333-8FDC-42A3-9474-1A3956D46DE8}") = "Solution Items", "Solution Items", "{52B78FD2-1E54-4EE1-897C-F3BD6F4945A5}"
	ProjectSection(SolutionItems) = preProject
		CarvedRock.slnLaunch = CarvedRock.slnLaunch
		local-coverage.ps1 = local-coverage.ps1
		readme.md = readme.md
	EndProjectSection
EndProject
Project("{9A19103F-16F7-4668-BE54-9A1E7A4F7556}") = "CarvedRock.Core", "CarvedRock.Core\CarvedRock.Core.csproj", "{B93304E2-F170-47D6-98AC-6FEF0E5F99E0}"
EndProject
Project("{2150E333-8FDC-42A3-9474-1A3956D46DE8}") = "tests", "tests", "{377907D2-D023-4282-BF01-B9EFC0CBD59C}"
	ProjectSection(SolutionItems) = preProject
		tests\carvedrock.runsettings = tests\carvedrock.runsettings
	EndProjectSection
EndProject
Project("{9A19103F-16F7-4668-BE54-9A1E7A4F7556}") = "CarvedRock.InnerLoop.Tests", "tests\CarvedRock.InnerLoop.Tests\CarvedRock.InnerLoop.Tests.csproj", "{89E7E9CE-70BC-49A5-B6EB-2A545AFBE267}"
EndProject
Project("{2150E333-8FDC-42A3-9474-1A3956D46DE8}") = "sql-container", "sql-container", "{F3EC70E7-6F1D-4B3B-B93D-E90489117D36}"
	ProjectSection(SolutionItems) = preProject
		sql-container\CreateDatabase.sql = sql-container\CreateDatabase.sql
		sql-container\entrypoint.sh = sql-container\entrypoint.sh
		sql-container\InitializeDatabase.sql = sql-container\InitializeDatabase.sql
		sql-container\InsertSomeData.sql = sql-container\InsertSomeData.sql
		sql-container\readme.md = sql-container\readme.md
		sql-container\setup.sh = sql-container\setup.sh
		sql-container\sql.Dockerfile = sql-container\sql.Dockerfile
		sql-container\wait-for-it.sh = sql-container\wait-for-it.sh
	EndProjectSection
EndProject
Project("{9A19103F-16F7-4668-BE54-9A1E7A4F7556}") = "CarvedRock.InnerLoop.WebApp.Tests", "tests\CarvedRock.InnerLoop.WebApp.Tests\CarvedRock.InnerLoop.WebApp.Tests.csproj", "{C02063F7-A97F-4B8B-9DD9-A514A521F7D9}"
EndProject
Project("{2150E333-8FDC-42A3-9474-1A3956D46DE8}") = "tools", "tools", "{D0F82906-15EA-4776-BBB5-A33CECE77282}"
EndProject
Project("{9A19103F-16F7-4668-BE54-9A1E7A4F7556}") = "WireMockRecorder", "tools\WireMockRecorder\WireMockRecorder.csproj", "{54CCB951-415C-4344-8923-59D8236DB893}"
EndProject
Project("{FAE04EC0-301F-11D3-BF4B-00C04F79EFBC}") = "WireMockApiServer", "tools\WireMockApiServer\WireMockApiServer.csproj", "{A51C6CD3-BDA6-40F4-89D5-98F1153EC04B}"
EndProject
Global
	GlobalSection(SolutionConfigurationPlatforms) = preSolution
		Debug|Any CPU = Debug|Any CPU
		Release|Any CPU = Release|Any CPU
	EndGlobalSection
	GlobalSection(ProjectConfigurationPlatforms) = postSolution
		{993233F6-F7B0-46E6-A0E1-65A1D9E77313}.Debug|Any CPU.ActiveCfg = Debug|Any CPU
		{993233F6-F7B0-46E6-A0E1-65A1D9E77313}.Debug|Any CPU.Build.0 = Debug|Any CPU
		{993233F6-F7B0-46E6-A0E1-65A1D9E77313}.Release|Any CPU.ActiveCfg = Release|Any CPU
		{993233F6-F7B0-46E6-A0E1-65A1D9E77313}.Release|Any CPU.Build.0 = Release|Any CPU
		{5245B8B2-5F50-4008-B094-525ECBA1504D}.Debug|Any CPU.ActiveCfg = Debug|Any CPU
		{5245B8B2-5F50-4008-B094-525ECBA1504D}.Debug|Any CPU.Build.0 = Debug|Any CPU
		{5245B8B2-5F50-4008-B094-525ECBA1504D}.Release|Any CPU.ActiveCfg = Release|Any CPU
		{5245B8B2-5F50-4008-B094-525ECBA1504D}.Release|Any CPU.Build.0 = Release|Any CPU
		{C4342716-AFFF-46FC-9F46-14D5BE08EC80}.Debug|Any CPU.ActiveCfg = Debug|Any CPU
		{C4342716-AFFF-46FC-9F46-14D5BE08EC80}.Debug|Any CPU.Build.0 = Debug|Any CPU
		{C4342716-AFFF-46FC-9F46-14D5BE08EC80}.Release|Any CPU.ActiveCfg = Release|Any CPU
		{C4342716-AFFF-46FC-9F46-14D5BE08EC80}.Release|Any CPU.Build.0 = Release|Any CPU
		{3E458087-1544-4D78-A1C2-90AF03EC93F5}.Debug|Any CPU.ActiveCfg = Debug|Any CPU
		{3E458087-1544-4D78-A1C2-90AF03EC93F5}.Debug|Any CPU.Build.0 = Debug|Any CPU
		{3E458087-1544-4D78-A1C2-90AF03EC93F5}.Release|Any CPU.ActiveCfg = Release|Any CPU
		{3E458087-1544-4D78-A1C2-90AF03EC93F5}.Release|Any CPU.Build.0 = Release|Any CPU
		{B93304E2-F170-47D6-98AC-6FEF0E5F99E0}.Debug|Any CPU.ActiveCfg = Debug|Any CPU
		{B93304E2-F170-47D6-98AC-6FEF0E5F99E0}.Debug|Any CPU.Build.0 = Debug|Any CPU
		{B93304E2-F170-47D6-98AC-6FEF0E5F99E0}.Release|Any CPU.ActiveCfg = Release|Any CPU
		{B93304E2-F170-47D6-98AC-6FEF0E5F99E0}.Release|Any CPU.Build.0 = Release|Any CPU
		{89E7E9CE-70BC-49A5-B6EB-2A545AFBE267}.Debug|Any CPU.ActiveCfg = Debug|Any CPU
		{89E7E9CE-70BC-49A5-B6EB-2A545AFBE267}.Debug|Any CPU.Build.0 = Debug|Any CPU
		{89E7E9CE-70BC-49A5-B6EB-2A545AFBE267}.Release|Any CPU.ActiveCfg = Release|Any CPU
		{89E7E9CE-70BC-49A5-B6EB-2A545AFBE267}.Release|Any CPU.Build.0 = Release|Any CPU
		{C02063F7-A97F-4B8B-9DD9-A514A521F7D9}.Debug|Any CPU.ActiveCfg = Debug|Any CPU
		{C02063F7-A97F-4B8B-9DD9-A514A521F7D9}.Debug|Any CPU.Build.0 = Debug|Any CPU
		{C02063F7-A97F-4B8B-9DD9-A514A521F7D9}.Release|Any CPU.ActiveCfg = Release|Any CPU
		{C02063F7-A97F-4B8B-9DD9-A514A521F7D9}.Release|Any CPU.Build.0 = Release|Any CPU
		{54CCB951-415C-4344-8923-59D8236DB893}.Debug|Any CPU.ActiveCfg = Debug|Any CPU
		{54CCB951-415C-4344-8923-59D8236DB893}.Debug|Any CPU.Build.0 = Debug|Any CPU
		{54CCB951-415C-4344-8923-59D8236DB893}.Release|Any CPU.ActiveCfg = Release|Any CPU
		{54CCB951-415C-4344-8923-59D8236DB893}.Release|Any CPU.Build.0 = Release|Any CPU
		{A51C6CD3-BDA6-40F4-89D5-98F1153EC04B}.Debug|Any CPU.ActiveCfg = Debug|Any CPU
		{A51C6CD3-BDA6-40F4-89D5-98F1153EC04B}.Debug|Any CPU.Build.0 = Debug|Any CPU
		{A51C6CD3-BDA6-40F4-89D5-98F1153EC04B}.Release|Any CPU.ActiveCfg = Release|Any CPU
		{A51C6CD3-BDA6-40F4-89D5-98F1153EC04B}.Release|Any CPU.Build.0 = Release|Any CPU
	EndGlobalSection
	GlobalSection(SolutionProperties) = preSolution
		HideSolutionNode = FALSE
	EndGlobalSection
	GlobalSection(NestedProjects) = preSolution
		{89E7E9CE-70BC-49A5-B6EB-2A545AFBE267} = {377907D2-D023-4282-BF01-B9EFC0CBD59C}
		{C02063F7-A97F-4B8B-9DD9-A514A521F7D9} = {377907D2-D023-4282-BF01-B9EFC0CBD59C}
		{54CCB951-415C-4344-8923-59D8236DB893} = {D0F82906-15EA-4776-BBB5-A33CECE77282}
		{A51C6CD3-BDA6-40F4-89D5-98F1153EC04B} = {D0F82906-15EA-4776-BBB5-A33CECE77282}
	EndGlobalSection
	GlobalSection(ExtensibilityGlobals) = postSolution
		SolutionGuid = {FAE1B7C4-22B1-4A77-B281-DF647AE2900D}
	EndGlobalSection
EndGlobal
