
Microsoft Visual Studio Solution File, Format Version 12.00
# Visual Studio Version 17
VisualStudioVersion = 17.0.31903.59
MinimumVisualStudioVersion = 10.0.40219.1
Project("{9A19103F-16F7-4668-BE54-9A1E7A4F7556}") = "CarvedRock.Api", "CarvedRock.Api\CarvedRock.Api.csproj", "{993233F6-F7B0-46E6-A0E1-65A1D9E77313}"
EndProject
Project("{9A19103F-16F7-4668-BE54-9A1E7A4F7556}") = "CarvedRock.Domain", "CarvedRock.Domain\CarvedRock.Domain.csproj", "{5245B8B2-5F50-4008-B094-525ECBA1504D}"
EndProject
Project("{9A19103F-16F7-4668-BE54-9A1E7A4F7556}") = "CarvedRock.Data", "CarvedRock.Data\CarvedRock.Data.csproj", "{C4342716-AFFF-46FC-9F46-14D5BE08EC80}"
EndProject
Project("{9A19103F-16F7-4668-BE54-9A1E7A4F7556}") = "CarvedRock.WebApp", "CarvedRock.WebApp\CarvedRock.WebApp.csproj", "{3E458087-1544-4D78-A1C2-90AF03EC93F5}"
EndProject
Project("{2150E333-8FDC-42A3-9474-1A3956D46DE8}") = "Solution Items", "Solution Items", "{52B78FD2-1E54-4EE1-897C-F3BD6F4945A5}"
	ProjectSection(SolutionItems) = preProject
		CarvedRock.slnLaunch = CarvedRock.slnLaunch
		readme.md = readme.md
	EndProjectSection
EndProject
Project("{9A19103F-16F7-4668-BE54-9A1E7A4F7556}") = "CarvedRock.Core", "CarvedRock.Core\CarvedRock.Core.csproj", "{B93304E2-F170-47D6-98AC-6FEF0E5F99E0}"
EndProject
Global
	GlobalSection(SolutionConfigurationPlatforms) = preSolution
		Debug|Any CPU = Debug|Any CPU
		Release|Any CPU = Release|Any CPU
	EndGlobalSection
	GlobalSection(ProjectConfigurationPlatforms) = postSolution
		{993233F6-F7B0-46E6-A0E1-65A1D9E77313}.Debug|Any CPU.ActiveCfg = Debug|Any CPU
		{993233F6-F7B0-46E6-A0E1-65A1D9E77313}.Debug|Any CPU.Build.0 = Debug|Any CPU
		{993233F6-F7B0-46E6-A0E1-65A1D9E77313}.Release|Any CPU.ActiveCfg = Release|Any CPU
		{993233F6-F7B0-46E6-A0E1-65A1D9E77313}.Release|Any CPU.Build.0 = Release|Any CPU
		{5245B8B2-5F50-4008-B094-525ECBA1504D}.Debug|Any CPU.ActiveCfg = Debug|Any CPU
		{5245B8B2-5F50-4008-B094-525ECBA1504D}.Debug|Any CPU.Build.0 = Debug|Any CPU
		{5245B8B2-5F50-4008-B094-525ECBA1504D}.Release|Any CPU.ActiveCfg = Release|Any CPU
		{5245B8B2-5F50-4008-B094-525ECBA1504D}.Release|Any CPU.Build.0 = Release|Any CPU
		{C4342716-AFFF-46FC-9F46-14D5BE08EC80}.Debug|Any CPU.ActiveCfg = Debug|Any CPU
		{C4342716-AFFF-46FC-9F46-14D5BE08EC80}.Debug|Any CPU.Build.0 = Debug|Any CPU
		{C4342716-AFFF-46FC-9F46-14D5BE08EC80}.Release|Any CPU.ActiveCfg = Release|Any CPU
		{C4342716-AFFF-46FC-9F46-14D5BE08EC80}.Release|Any CPU.Build.0 = Release|Any CPU
		{3E458087-1544-4D78-A1C2-90AF03EC93F5}.Debug|Any CPU.ActiveCfg = Debug|Any CPU
		{3E458087-1544-4D78-A1C2-90AF03EC93F5}.Debug|Any CPU.Build.0 = Debug|Any CPU
		{3E458087-1544-4D78-A1C2-90AF03EC93F5}.Release|Any CPU.ActiveCfg = Release|Any CPU
		{3E458087-1544-4D78-A1C2-90AF03EC93F5}.Release|Any CPU.Build.0 = Release|Any CPU
		{B93304E2-F170-47D6-98AC-6FEF0E5F99E0}.Debug|Any CPU.ActiveCfg = Debug|Any CPU
		{B93304E2-F170-47D6-98AC-6FEF0E5F99E0}.Debug|Any CPU.Build.0 = Debug|Any CPU
		{B93304E2-F170-47D6-98AC-6FEF0E5F99E0}.Release|Any CPU.ActiveCfg = Release|Any CPU
		{B93304E2-F170-47D6-98AC-6FEF0E5F99E0}.Release|Any CPU.Build.0 = Release|Any CPU
	EndGlobalSection
	GlobalSection(SolutionProperties) = preSolution
		HideSolutionNode = FALSE
	EndGlobalSection
	GlobalSection(ExtensibilityGlobals) = postSolution
		SolutionGuid = {FAE1B7C4-22B1-4A77-B281-DF647AE2900D}
	EndGlobalSection
EndGlobal
